lockfileVersion: '9.0'

settings:
  autoInstallPeers: true
  excludeLinksFromLockfile: false

importers:

  .:
    dependencies:
      '@acme/api':
        specifier: workspace:*
        version: link:../../packages/api
      '@acme/auth':
        specifier: workspace:*
        version: link:../../packages/auth
      '@acme/db':
        specifier: workspace:*
        version: link:../../packages/db
      '@acme/ui':
        specifier: workspace:*
        version: link:../../packages/ui
      '@acme/validators':
        specifier: workspace:*
        version: link:../../packages/validators
      framer-motion:
        specifier: ^11.0.0
        version: 11.18.2
      motion:
        specifier: ^12.23.26
        version: 12.23.26
    devDependencies:
      '@acme/eslint-config':
        specifier: workspace:*
        version: link:../../tooling/eslint
      '@acme/prettier-config':
        specifier: workspace:*
        version: link:../../tooling/prettier
      '@acme/tailwind-config':
        specifier: workspace:*
        version: link:../../tooling/tailwind
      '@acme/tsconfig':
        specifier: workspace:*
        version: link:../../tooling/typescript

packages:

  framer-motion@11.18.2:
    resolution: {integrity: sha512-5F5Och7wrvtLVElIpclDT0CBzMVg3dL22B64aZwHtsIY8RB4mXICLrkajK4G9R+ieSAGcgrLeae2SeUTg2pr6w==}
    peerDependencies:
      '@emotion/is-prop-valid': '*'
      react: ^18.0.0 || ^19.0.0
      react-dom: ^18.0.0 || ^19.0.0
    peerDependenciesMeta:
      '@emotion/is-prop-valid':
        optional: true
      react:
        optional: true
      react-dom:
        optional: true

  framer-motion@12.23.26:
    resolution: {integrity: sha512-cPcIhgR42xBn1Uj+PzOyheMtZ73H927+uWPDVhUMqxy8UHt6Okavb6xIz9J/phFUHUj0OncR6UvMfJTXoc/LKA==}
    peerDependencies:
      '@emotion/is-prop-valid': '*'
      react: ^18.0.0 || ^19.0.0
      react-dom: ^18.0.0 || ^19.0.0
    peerDependenciesMeta:
      '@emotion/is-prop-valid':
        optional: true
      react:
        optional: true
      react-dom:
        optional: true

  motion-dom@11.18.1:
    resolution: {integrity: sha512-g76KvA001z+atjfxczdRtw/RXOM3OMSdd1f4DL77qCTF/+avrRJiawSG4yDibEQ215sr9kpinSlX2pCTJ9zbhw==}

  motion-dom@12.23.23:
    resolution: {integrity: sha512-n5yolOs0TQQBRUFImrRfs/+6X4p3Q4n1dUEqt/H58Vx7OW6RF+foWEgmTVDhIWJIMXOuNNL0apKH2S16en9eiA==}

  motion-utils@11.18.1:
    resolution: {integrity: sha512-49Kt+HKjtbJKLtgO/LKj9Ld+6vw9BjH5d9sc40R/kVyH8GLAXgT42M2NnuPcJNuA3s9ZfZBUcwIgpmZWGEE+hA==}

  motion-utils@12.23.6:
    resolution: {integrity: sha512-eAWoPgr4eFEOFfg2WjIsMoqJTW6Z8MTUCgn/GZ3VRpClWBdnbjryiA3ZSNLyxCTmCQx4RmYX6jX1iWHbenUPNQ==}

  motion@12.23.26:
    resolution: {integrity: sha512-Ll8XhVxY8LXMVYTCfme27WH2GjBrCIzY4+ndr5QKxsK+YwCtOi2B/oBi5jcIbik5doXuWT/4KKDOVAZJkeY5VQ==}
    peerDependencies:
      '@emotion/is-prop-valid': '*'
      react: ^18.0.0 || ^19.0.0
      react-dom: ^18.0.0 || ^19.0.0
    peerDependenciesMeta:
      '@emotion/is-prop-valid':
        optional: true
      react:
        optional: true
      react-dom:
        optional: true

  tslib@2.8.1:
    resolution: {integrity: sha512-oJFu94HQb+KVduSUQL7wnpmqnfmLsOA/nAh6b6EH0wCEoK0/mPeXU6c3wKDV83MkOuHPRHtSXKKU99IBazS/2w==}

snapshots:

  framer-motion@11.18.2:
    dependencies:
      motion-dom: 11.18.1
      motion-utils: 11.18.1
      tslib: 2.8.1

  framer-motion@12.23.26:
    dependencies:
      motion-dom: 12.23.23
      motion-utils: 12.23.6
      tslib: 2.8.1

  motion-dom@11.18.1:
    dependencies:
      motion-utils: 11.18.1

  motion-dom@12.23.23:
    dependencies:
      motion-utils: 12.23.6

  motion-utils@11.18.1: {}

  motion-utils@12.23.6: {}

  motion@12.23.26:
    dependencies:
      framer-motion: 12.23.26
      tslib: 2.8.1

  tslib@2.8.1: {}
